
Microsoft Visual Studio Solution File, Format Version 12.00
# Visual Studio Version 17
VisualStudioVersion = 17.3.32811.315
MinimumVisualStudioVersion = 10.0.40219.1
Project("{FAE04EC0-301F-11D3-BF4B-00C04F79EFBC}") = "BlazorGettingStarted", "BlazorGettingStarted\BlazorGettingStarted.csproj", "{CD94BB60-C1D2-48AF-AF44-D895B04F8BD2}"
EndProject
Project("{FAE04EC0-301F-11D3-BF4B-00C04F79EFBC}") = "BlazorGettingStarted.Shared", "BlazorGettingStarted.Shared\BlazorGettingStarted.Shared.csproj", "{90FF07CE-61F0-4619-B860-7E93D842922A}"
EndProject
Project("{FAE04EC0-301F-11D3-BF4B-00C04F79EFBC}") = "BlazorGettingStarted.Api", "BlazorGettingStarted.Api\BlazorGettingStarted.Api.csproj", "{FCB27D75-42CD-4652-8EF3-2E51921981B1}"
EndProject
Global
	GlobalSection(SolutionConfigurationPlatforms) = preSolution
		Debug|Any CPU = Debug|Any CPU
		Release|Any CPU = Release|Any CPU
	EndGlobalSection
	GlobalSection(ProjectConfigurationPlatforms) = postSolution
		{CD94BB60-C1D2-48AF-AF44-D895B04F8BD2}.Debug|Any CPU.ActiveCfg = Debug|Any CPU
		{CD94BB60-C1D2-48AF-AF44-D895B04F8BD2}.Debug|Any CPU.Build.0 = Debug|Any CPU
		{CD94BB60-C1D2-48AF-AF44-D895B04F8BD2}.Release|Any CPU.ActiveCfg = Release|Any CPU
		{CD94BB60-C1D2-48AF-AF44-D895B04F8BD2}.Release|Any CPU.Build.0 = Release|Any CPU
		{90FF07CE-61F0-4619-B860-7E93D842922A}.Debug|Any CPU.ActiveCfg = Debug|Any CPU
		{90FF07CE-61F0-4619-B860-7E93D842922A}.Debug|Any CPU.Build.0 = Debug|Any CPU
		{90FF07CE-61F0-4619-B860-7E93D842922A}.Release|Any CPU.ActiveCfg = Release|Any CPU
		{90FF07CE-61F0-4619-B860-7E93D842922A}.Release|Any CPU.Build.0 = Release|Any CPU
		{FCB27D75-42CD-4652-8EF3-2E51921981B1}.Debug|Any CPU.ActiveCfg = Debug|Any CPU
		{FCB27D75-42CD-4652-8EF3-2E51921981B1}.Debug|Any CPU.Build.0 = Debug|Any CPU
		{FCB27D75-42CD-4652-8EF3-2E51921981B1}.Release|Any CPU.ActiveCfg = Release|Any CPU
		{FCB27D75-42CD-4652-8EF3-2E51921981B1}.Release|Any CPU.Build.0 = Release|Any CPU
	EndGlobalSection
	GlobalSection(SolutionProperties) = preSolution
		HideSolutionNode = FALSE
	EndGlobalSection
	GlobalSection(ExtensibilityGlobals) = postSolution
		SolutionGuid = {11DC32A1-FEAC-464E-96A0-3A3CC5636B3E}
	EndGlobalSection
EndGlobal
